// !$*UTF8*$!
{
	archiveVersion = 1;
	classes = {
	};
	objectVersion = 55;
	objects = {

/* Begin PBXBuildFile section */
		9345C87D27CC354400DD38AD /* AppDelegate.swift in Sources */ = {isa = PBXBuildFile; fileRef = 9345C87C27CC354400DD38AD /* AppDelegate.swift */; };
		9345C87F27CC354400DD38AD /* SceneDelegate.swift in Sources */ = {isa = PBXBuildFile; fileRef = 9345C87E27CC354400DD38AD /* SceneDelegate.swift */; };
		9345C88127CC354400DD38AD /* ViewController.swift in Sources */ = {isa = PBXBuildFile; fileRef = 9345C88027CC354400DD38AD /* ViewController.swift */; };
		9345C88427CC354400DD38AD /* Main.storyboard in Resources */ = {isa = PBXBuildFile; fileRef = 9345C88227CC354400DD38AD /* Main.storyboard */; };
		9345C88627CC354600DD38AD /* Assets.xcassets in Resources */ = {isa = PBXBuildFile; fileRef = 9345C88527CC354600DD38AD /* Assets.xcassets */; };
		9345C88927CC354600DD38AD /* LaunchScreen.storyboard in Resources */ = {isa = PBXBuildFile; fileRef = 9345C88727CC354600DD38AD /* LaunchScreen.storyboard */; };
		9345C89427CC354600DD38AD /* ProgramaticCalculatorLayoutTests.swift in Sources */ = {isa = PBXBuildFile; fileRef = 9345C89327CC354600DD38AD /* ProgramaticCalculatorLayoutTests.swift */; };
		9345C89E27CC354600DD38AD /* ProgramaticCalculatorLayoutUITests.swift in Sources */ = {isa = PBXBuildFile; fileRef = 9345C89D27CC354600DD38AD /* ProgramaticCalculatorLayoutUITests.swift */; };
		9345C8A027CC354600DD38AD /* ProgramaticCalculatorLayoutUITestsLaunchTests.swift in Sources */ = {isa = PBXBuildFile; fileRef = 9345C89F27CC354600DD38AD /* ProgramaticCalculatorLayoutUITestsLaunchTests.swift */; };
/* End PBXBuildFile section */

/* Begin PBXContainerItemProxy section */
		9345C89027CC354600DD38AD /* PBXContainerItemProxy */ = {
			isa = PBXContainerItemProxy;
			containerPortal = 9345C87127CC354400DD38AD /* Project object */;
			proxyType = 1;
			remoteGlobalIDString = 9345C87827CC354400DD38AD;
			remoteInfo = ProgramaticCalculatorLayout;
		};
		9345C89A27CC354600DD38AD /* PBXContainerItemProxy */ = {
			isa = PBXContainerItemProxy;
			containerPortal = 9345C87127CC354400DD38AD /* Project object */;
			proxyType = 1;
			remoteGlobalIDString = 9345C87827CC354400DD38AD;
			remoteInfo = ProgramaticCalculatorLayout;
		};
/* End PBXContainerItemProxy section */

/* Begin PBXFileReference section */
		9345C87927CC354400DD38AD /* ProgramaticCalculatorLayout.app */ = {isa = PBXFileReference; explicitFileType = wrapper.application; includeInIndex = 0; path = ProgramaticCalculatorLayout.app; sourceTree = BUILT_PRODUCTS_DIR; };
		9345C87C27CC354400DD38AD /* AppDelegate.swift */ = {isa = PBXFileReference; lastKnownFileType = sourcecode.swift; path = AppDelegate.swift; sourceTree = "<group>"; };
		9345C87E27CC354400DD38AD /* SceneDelegate.swift */ = {isa = PBXFileReference; lastKnownFileType = sourcecode.swift; path = SceneDelegate.swift; sourceTree = "<group>"; };
		9345C88027CC354400DD38AD /* ViewController.swift */ = {isa = PBXFileReference; lastKnownFileType = sourcecode.swift; path = ViewController.swift; sourceTree = "<group>"; };
		9345C88327CC354400DD38AD /* Base */ = {isa = PBXFileReference; lastKnownFileType = file.storyboard; name = Base; path = Base.lproj/Main.storyboard; sourceTree = "<group>"; };
		9345C88527CC354600DD38AD /* Assets.xcassets */ = {isa = PBXFileReference; lastKnownFileType = folder.assetcatalog; path = Assets.xcassets; sourceTree = "<group>"; };
		9345C88827CC354600DD38AD /* Base */ = {isa = PBXFileReference; lastKnownFileType = file.storyboard; name = Base; path = Base.lproj/LaunchScreen.storyboard; sourceTree = "<group>"; };
		9345C88A27CC354600DD38AD /* Info.plist */ = {isa = PBXFileReference; lastKnownFileType = text.plist.xml; path = Info.plist; sourceTree = "<group>"; };
		9345C88F27CC354600DD38AD /* ProgramaticCalculatorLayoutTests.xctest */ = {isa = PBXFileReference; explicitFileType = wrapper.cfbundle; includeInIndex = 0; path = ProgramaticCalculatorLayoutTests.xctest; sourceTree = BUILT_PRODUCTS_DIR; };
		9345C89327CC354600DD38AD /* ProgramaticCalculatorLayoutTests.swift */ = {isa = PBXFileReference; lastKnownFileType = sourcecode.swift; path = ProgramaticCalculatorLayoutTests.swift; sourceTree = "<group>"; };
		9345C89927CC354600DD38AD /* ProgramaticCalculatorLayoutUITests.xctest */ = {isa = PBXFileReference; explicitFileType = wrapper.cfbundle; includeInIndex = 0; path = ProgramaticCalculatorLayoutUITests.xctest; sourceTree = BUILT_PRODUCTS_DIR; };
		9345C89D27CC354600DD38AD /* ProgramaticCalculatorLayoutUITests.swift */ = {isa = PBXFileReference; lastKnownFileType = sourcecode.swift; path = ProgramaticCalculatorLayoutUITests.swift; sourceTree = "<group>"; };
		9345C89F27CC354600DD38AD /* ProgramaticCalculatorLayoutUITestsLaunchTests.swift */ = {isa = PBXFileReference; lastKnownFileType = sourcecode.swift; path = ProgramaticCalculatorLayoutUITestsLaunchTests.swift; sourceTree = "<group>"; };
/* End PBXFileReference section */

/* Begin PBXFrameworksBuildPhase section */
		9345C87627CC354400DD38AD /* Frameworks */ = {
			isa = PBXFrameworksBuildPhase;
			buildActionMask = 2147483647;
			files = (
			);
			runOnlyForDeploymentPostprocessing = 0;
		};
		9345C88C27CC354600DD38AD /* Frameworks */ = {
			isa = PBXFrameworksBuildPhase;
			buildActionMask = 2147483647;
			files = (
			);
			runOnlyForDeploymentPostprocessing = 0;
		};
		9345C89627CC354600DD38AD /* Frameworks */ = {
			isa = PBXFrameworksBuildPhase;
			buildActionMask = 2147483647;
			files = (
			);
			runOnlyForDeploymentPostprocessing = 0;
		};
/* End PBXFrameworksBuildPhase section */

/* Begin PBXGroup section */
		9345C87027CC354400DD38AD = {
			isa = PBXGroup;
			children = (
				9345C87B27CC354400DD38AD /* ProgramaticCalculatorLayout */,
				9345C89227CC354600DD38AD /* ProgramaticCalculatorLayoutTests */,
				9345C89C27CC354600DD38AD /* ProgramaticCalculatorLayoutUITests */,
				9345C87A27CC354400DD38AD /* Products */,
			);
			sourceTree = "<group>";
		};
		9345C87A27CC354400DD38AD /* Products */ = {
			isa = PBXGroup;
			children = (
				9345C87927CC354400DD38AD /* ProgramaticCalculatorLayout.app */,
				9345C88F27CC354600DD38AD /* ProgramaticCalculatorLayoutTests.xctest */,
				9345C89927CC354600DD38AD /* ProgramaticCalculatorLayoutUITests.xctest */,
			);
			name = Products;
			sourceTree = "<group>";
		};
		9345C87B27CC354400DD38AD /* ProgramaticCalculatorLayout */ = {
			isa = PBXGroup;
			children = (
				9345C87C27CC354400DD38AD /* AppDelegate.swift */,
				9345C87E27CC354400DD38AD /* SceneDelegate.swift */,
				9345C88027CC354400DD38AD /* ViewController.swift */,
				9345C88227CC354400DD38AD /* Main.storyboard */,
				9345C88527CC354600DD38AD /* Assets.xcassets */,
				9345C88727CC354600DD38AD /* LaunchScreen.storyboard */,
				9345C88A27CC354600DD38AD /* Info.plist */,
			);
			path = ProgramaticCalculatorLayout;
			sourceTree = "<group>";
		};
		9345C89227CC354600DD38AD /* ProgramaticCalculatorLayoutTests */ = {
			isa = PBXGroup;
			children = (
				9345C89327CC354600DD38AD /* ProgramaticCalculatorLayoutTests.swift */,
			);
			path = ProgramaticCalculatorLayoutTests;
			sourceTree = "<group>";
		};
		9345C89C27CC354600DD38AD /* ProgramaticCalculatorLayoutUITests */ = {
			isa = PBXGroup;
			children = (
				9345C89D27CC354600DD38AD /* ProgramaticCalculatorLayoutUITests.swift */,
				9345C89F27CC354600DD38AD /* ProgramaticCalculatorLayoutUITestsLaunchTests.swift */,
			);
			path = ProgramaticCalculatorLayoutUITests;
			sourceTree = "<group>";
		};
/* End PBXGroup section */

/* Begin PBXNativeTarget section */
		9345C87827CC354400DD38AD /* ProgramaticCalculatorLayout */ = {
			isa = PBXNativeTarget;
			buildConfigurationList = 9345C8A327CC354600DD38AD /* Build configuration list for PBXNativeTarget "ProgramaticCalculatorLayout" */;
			buildPhases = (
				9345C87527CC354400DD38AD /* Sources */,
				9345C87627CC354400DD38AD /* Frameworks */,
				9345C87727CC354400DD38AD /* Resources */,
			);
			buildRules = (
			);
			dependencies = (
			);
			name = ProgramaticCalculatorLayout;
			productName = ProgramaticCalculatorLayout;
			productReference = 9345C87927CC354400DD38AD /* ProgramaticCalculatorLayout.app */;
			productType = "com.apple.product-type.application";
		};
		9345C88E27CC354600DD38AD /* ProgramaticCalculatorLayoutTests */ = {
			isa = PBXNativeTarget;
			buildConfigurationList = 9345C8A627CC354600DD38AD /* Build configuration list for PBXNativeTarget "ProgramaticCalculatorLayoutTests" */;
			buildPhases = (
				9345C88B27CC354600DD38AD /* Sources */,
				9345C88C27CC354600DD38AD /* Frameworks */,
				9345C88D27CC354600DD38AD /* Resources */,
			);
			buildRules = (
			);
			dependencies = (
				9345C89127CC354600DD38AD /* PBXTargetDependency */,
			);
			name = ProgramaticCalculatorLayoutTests;
			productName = ProgramaticCalculatorLayoutTests;
			productReference = 9345C88F27CC354600DD38AD /* ProgramaticCalculatorLayoutTests.xctest */;
			productType = "com.apple.product-type.bundle.unit-test";
		};
		9345C89827CC354600DD38AD /* ProgramaticCalculatorLayoutUITests */ = {
			isa = PBXNativeTarget;
			buildConfigurationList = 9345C8A927CC354600DD38AD /* Build configuration list for PBXNativeTarget "ProgramaticCalculatorLayoutUITests" */;
			buildPhases = (
				9345C89527CC354600DD38AD /* Sources */,
				9345C89627CC354600DD38AD /* Frameworks */,
				9345C89727CC354600DD38AD /* Resources */,
			);
			buildRules = (
			);
			dependencies = (
				9345C89B27CC354600DD38AD /* PBXTargetDependency */,
			);
			name = ProgramaticCalculatorLayoutUITests;
			productName = ProgramaticCalculatorLayoutUITests;
			productReference = 9345C89927CC354600DD38AD /* ProgramaticCalculatorLayoutUITests.xctest */;
			productType = "com.apple.product-type.bundle.ui-testing";
		};
/* End PBXNativeTarget section */

/* Begin PBXProject section */
		9345C87127CC354400DD38AD /* Project object */ = {
			isa = PBXProject;
			attributes = {
				BuildIndependentTargetsInParallel = 1;
				LastSwiftUpdateCheck = 1320;
				LastUpgradeCheck = 1320;
				TargetAttributes = {
					9345C87827CC354400DD38AD = {
						CreatedOnToolsVersion = 13.2;
					};
					9345C88E27CC354600DD38AD = {
						CreatedOnToolsVersion = 13.2;
						TestTargetID = 9345C87827CC354400DD38AD;
					};
					9345C89827CC354600DD38AD = {
						CreatedOnToolsVersion = 13.2;
						TestTargetID = 9345C87827CC354400DD38AD;
					};
				};
			};
			buildConfigurationList = 9345C87427CC354400DD38AD /* Build configuration list for PBXProject "ProgramaticCalculatorLayout" */;
			compatibilityVersion = "Xcode 13.0";
			developmentRegion = en;
			hasScannedForEncodings = 0;
			knownRegions = (
				en,
				Base,
			);
			mainGroup = 9345C87027CC354400DD38AD;
			productRefGroup = 9345C87A27CC354400DD38AD /* Products */;
			projectDirPath = "";
			projectRoot = "";
			targets = (
				9345C87827CC354400DD38AD /* ProgramaticCalculatorLayout */,
				9345C88E27CC354600DD38AD /* ProgramaticCalculatorLayoutTests */,
				9345C89827CC354600DD38AD /* ProgramaticCalculatorLayoutUITests */,
			);
		};
/* End PBXProject section */

/* Begin PBXResourcesBuildPhase section */
		9345C87727CC354400DD38AD /* Resources */ = {
			isa = PBXResourcesBuildPhase;
			buildActionMask = 2147483647;
			files = (
				9345C88927CC354600DD38AD /* LaunchScreen.storyboard in Resources */,
				9345C88627CC354600DD38AD /* Assets.xcassets in Resources */,
				9345C88427CC354400DD38AD /* Main.storyboard in Resources */,
			);
			runOnlyForDeploymentPostprocessing = 0;
		};
		9345C88D27CC354600DD38AD /* Resources */ = {
			isa = PBXResourcesBuildPhase;
			buildActionMask = 2147483647;
			files = (
			);
			runOnlyForDeploymentPostprocessing = 0;
		};
		9345C89727CC354600DD38AD /* Resources */ = {
			isa = PBXResourcesBuildPhase;
			buildActionMask = 2147483647;
			files = (
			);
			runOnlyForDeploymentPostprocessing = 0;
		};
/* End PBXResourcesBuildPhase section */

/* Begin PBXSourcesBuildPhase section */
		9345C87527CC354400DD38AD /* Sources */ = {
			isa = PBXSourcesBuildPhase;
			buildActionMask = 2147483647;
			files = (
				9345C88127CC354400DD38AD /* ViewController.swift in Sources */,
				9345C87D27CC354400DD38AD /* AppDelegate.swift in Sources */,
				9345C87F27CC354400DD38AD /* SceneDelegate.swift in Sources */,
			);
			runOnlyForDeploymentPostprocessing = 0;
		};
		9345C88B27CC354600DD38AD /* Sources */ = {
			isa = PBXSourcesBuildPhase;
			buildActionMask = 2147483647;
			files = (
				9345C89427CC354600DD38AD /* ProgramaticCalculatorLayoutTests.swift in Sources */,
			);
			runOnlyForDeploymentPostprocessing = 0;
		};
		9345C89527CC354600DD38AD /* Sources */ = {
			isa = PBXSourcesBuildPhase;
			buildActionMask = 2147483647;
			files = (
				9345C8A027CC354600DD38AD /* ProgramaticCalculatorLayoutUITestsLaunchTests.swift in Sources */,
				9345C89E27CC354600DD38AD /* ProgramaticCalculatorLayoutUITests.swift in Sources */,
			);
			runOnlyForDeploymentPostprocessing = 0;
		};
/* End PBXSourcesBuildPhase section */

/* Begin PBXTargetDependency section */
		9345C89127CC354600DD38AD /* PBXTargetDependency */ = {
			isa = PBXTargetDependency;
			target = 9345C87827CC354400DD38AD /* ProgramaticCalculatorLayout */;
			targetProxy = 9345C89027CC354600DD38AD /* PBXContainerItemProxy */;
		};
		9345C89B27CC354600DD38AD /* PBXTargetDependency */ = {
			isa = PBXTargetDependency;
			target = 9345C87827CC354400DD38AD /* ProgramaticCalculatorLayout */;
			targetProxy = 9345C89A27CC354600DD38AD /* PBXContainerItemProxy */;
		};
/* End PBXTargetDependency section */

/* Begin PBXVariantGroup section */
		9345C88227CC354400DD38AD /* Main.storyboard */ = {
			isa = PBXVariantGroup;
			children = (
				9345C88327CC354400DD38AD /* Base */,
			);
			name = Main.storyboard;
			sourceTree = "<group>";
		};
		9345C88727CC354600DD38AD /* LaunchScreen.storyboard */ = {
			isa = PBXVariantGroup;
			children = (
				9345C88827CC354600DD38AD /* Base */,
			);
			name = LaunchScreen.storyboard;
			sourceTree = "<group>";
		};
/* End PBXVariantGroup section */

/* Begin XCBuildConfiguration section */
		9345C8A127CC354600DD38AD /* Debug */ = {
			isa = XCBuildConfiguration;
			buildSettings = {
				ALWAYS_SEARCH_USER_PATHS = NO;
				CLANG_ANALYZER_NONNULL = YES;
				CLANG_ANALYZER_NUMBER_OBJECT_CONVERSION = YES_AGGRESSIVE;
				CLANG_CXX_LANGUAGE_STANDARD = "gnu++17";
				CLANG_CXX_LIBRARY = "libc++";
				CLANG_ENABLE_MODULES = YES;
				CLANG_ENABLE_OBJC_ARC = YES;
				CLANG_ENABLE_OBJC_WEAK = YES;
				CLANG_WARN_BLOCK_CAPTURE_AUTORELEASING = YES;
				CLANG_WARN_BOOL_CONVERSION = YES;
				CLANG_WARN_COMMA = YES;
				CLANG_WARN_CONSTANT_CONVERSION = YES;
				CLANG_WARN_DEPRECATED_OBJC_IMPLEMENTATIONS = YES;
				CLANG_WARN_DIRECT_OBJC_ISA_USAGE = YES_ERROR;
				CLANG_WARN_DOCUMENTATION_COMMENTS = YES;
				CLANG_WARN_EMPTY_BODY = YES;
				CLANG_WARN_ENUM_CONVERSION = YES;
				CLANG_WARN_INFINITE_RECURSION = YES;
				CLANG_WARN_INT_CONVERSION = YES;
				CLANG_WARN_NON_LITERAL_NULL_CONVERSION = YES;
				CLANG_WARN_OBJC_IMPLICIT_RETAIN_SELF = YES;
				CLANG_WARN_OBJC_LITERAL_CONVERSION = YES;
				CLANG_WARN_OBJC_ROOT_CLASS = YES_ERROR;
				CLANG_WARN_QUOTED_INCLUDE_IN_FRAMEWORK_HEADER = YES;
				CLANG_WARN_RANGE_LOOP_ANALYSIS = YES;
				CLANG_WARN_STRICT_PROTOTYPES = YES;
				CLANG_WARN_SUSPICIOUS_MOVE = YES;
				CLANG_WARN_UNGUARDED_AVAILABILITY = YES_AGGRESSIVE;
				CLANG_WARN_UNREACHABLE_CODE = YES;
				CLANG_WARN__DUPLICATE_METHOD_MATCH = YES;
				COPY_PHASE_STRIP = NO;
				DEBUG_INFORMATION_FORMAT = dwarf;
				ENABLE_STRICT_OBJC_MSGSEND = YES;
				ENABLE_TESTABILITY = YES;
				GCC_C_LANGUAGE_STANDARD = gnu11;
				GCC_DYNAMIC_NO_PIC = NO;
				GCC_NO_COMMON_BLOCKS = YES;
				GCC_OPTIMIZATION_LEVEL = 0;
				GCC_PREPROCESSOR_DEFINITIONS = (
					"DEBUG=1",
					"$(inherited)",
				);
				GCC_WARN_64_TO_32_BIT_CONVERSION = YES;
				GCC_WARN_ABOUT_RETURN_TYPE = YES_ERROR;
				GCC_WARN_UNDECLARED_SELECTOR = YES;
				GCC_WARN_UNINITIALIZED_AUTOS = YES_AGGRESSIVE;
				GCC_WARN_UNUSED_FUNCTION = YES;
				GCC_WARN_UNUSED_VARIABLE = YES;
				IPHONEOS_DEPLOYMENT_TARGET = 15.2;
				MTL_ENABLE_DEBUG_INFO = INCLUDE_SOURCE;
				MTL_FAST_MATH = YES;
				ONLY_ACTIVE_ARCH = YES;
				SDKROOT = iphoneos;
				SWIFT_ACTIVE_COMPILATION_CONDITIONS = DEBUG;
				SWIFT_OPTIMIZATION_LEVEL = "-Onone";
			};
			name = Debug;
		};
		9345C8A227CC354600DD38AD /* Release */ = {
			isa = XCBuildConfiguration;
			buildSettings = {
				ALWAYS_SEARCH_USER_PATHS = NO;
				CLANG_ANALYZER_NONNULL = YES;
				CLANG_ANALYZER_NUMBER_OBJECT_CONVERSION = YES_AGGRESSIVE;
				CLANG_CXX_LANGUAGE_STANDARD = "gnu++17";
				CLANG_CXX_LIBRARY = "libc++";
				CLANG_ENABLE_MODULES = YES;
				CLANG_ENABLE_OBJC_ARC = YES;
				CLANG_ENABLE_OBJC_WEAK = YES;
				CLANG_WARN_BLOCK_CAPTURE_AUTORELEASING = YES;
				CLANG_WARN_BOOL_CONVERSION = YES;
				CLANG_WARN_COMMA = YES;
				CLANG_WARN_CONSTANT_CONVERSION = YES;
				CLANG_WARN_DEPRECATED_OBJC_IMPLEMENTATIONS = YES;
				CLANG_WARN_DIRECT_OBJC_ISA_USAGE = YES_ERROR;
				CLANG_WARN_DOCUMENTATION_COMMENTS = YES;
				CLANG_WARN_EMPTY_BODY = YES;
				CLANG_WARN_ENUM_CONVERSION = YES;
				CLANG_WARN_INFINITE_RECURSION = YES;
				CLANG_WARN_INT_CONVERSION = YES;
				CLANG_WARN_NON_LITERAL_NULL_CONVERSION = YES;
				CLANG_WARN_OBJC_IMPLICIT_RETAIN_SELF = YES;
				CLANG_WARN_OBJC_LITERAL_CONVERSION = YES;
				CLANG_WARN_OBJC_ROOT_CLASS = YES_ERROR;
				CLANG_WARN_QUOTED_INCLUDE_IN_FRAMEWORK_HEADER = YES;
				CLANG_WARN_RANGE_LOOP_ANALYSIS = YES;
				CLANG_WARN_STRICT_PROTOTYPES = YES;
				CLANG_WARN_SUSPICIOUS_MOVE = YES;
				CLANG_WARN_UNGUARDED_AVAILABILITY = YES_AGGRESSIVE;
				CLANG_WARN_UNREACHABLE_CODE = YES;
				CLANG_WARN__DUPLICATE_METHOD_MATCH = YES;
				COPY_PHASE_STRIP = NO;
				DEBUG_INFORMATION_FORMAT = "dwarf-with-dsym";
				ENABLE_NS_ASSERTIONS = NO;
				ENABLE_STRICT_OBJC_MSGSEND = YES;
				GCC_C_LANGUAGE_STANDARD = gnu11;
				GCC_NO_COMMON_BLOCKS = YES;
				GCC_WARN_64_TO_32_BIT_CONVERSION = YES;
				GCC_WARN_ABOUT_RETURN_TYPE = YES_ERROR;
				GCC_WARN_UNDECLARED_SELECTOR = YES;
				GCC_WARN_UNINITIALIZED_AUTOS = YES_AGGRESSIVE;
				GCC_WARN_UNUSED_FUNCTION = YES;
				GCC_WARN_UNUSED_VARIABLE = YES;
				IPHONEOS_DEPLOYMENT_TARGET = 15.2;
				MTL_ENABLE_DEBUG_INFO = NO;
				MTL_FAST_MATH = YES;
				SDKROOT = iphoneos;
				SWIFT_COMPILATION_MODE = wholemodule;
				SWIFT_OPTIMIZATION_LEVEL = "-O";
				VALIDATE_PRODUCT = YES;
			};
			name = Release;
		};
		9345C8A427CC354600DD38AD /* Debug */ = {
			isa = XCBuildConfiguration;
			buildSettings = {
				ASSETCATALOG_COMPILER_APPICON_NAME = AppIcon;
				ASSETCATALOG_COMPILER_GLOBAL_ACCENT_COLOR_NAME = AccentColor;
				CODE_SIGN_STYLE = Automatic;
				CURRENT_PROJECT_VERSION = 1;
				DEVELOPMENT_TEAM = 2AL9T4C8WX;
				GENERATE_INFOPLIST_FILE = YES;
				INFOPLIST_FILE = ProgramaticCalculatorLayout/Info.plist;
				INFOPLIST_KEY_UIApplicationSupportsIndirectInputEvents = YES;
				INFOPLIST_KEY_UILaunchStoryboardName = LaunchScreen;
				INFOPLIST_KEY_UIMainStoryboardFile = Main;
				INFOPLIST_KEY_UISupportedInterfaceOrientations_iPad = "UIInterfaceOrientationPortrait UIInterfaceOrientationPortraitUpsideDown UIInterfaceOrientationLandscapeLeft UIInterfaceOrientationLandscapeRight";
				INFOPLIST_KEY_UISupportedInterfaceOrientations_iPhone = "UIInterfaceOrientationPortrait UIInterfaceOrientationLandscapeLeft UIInterfaceOrientationLandscapeRight";
				LD_RUNPATH_SEARCH_PATHS = (
					"$(inherited)",
					"@executable_path/Frameworks",
				);
				MARKETING_VERSION = 1.0;
				PRODUCT_BUNDLE_IDENTIFIER = com.dayojiboye.ProgramaticCalculatorLayout;
				PRODUCT_NAME = "$(TARGET_NAME)";
				SWIFT_EMIT_LOC_STRINGS = YES;
				SWIFT_VERSION = 5.0;
				TARGETED_DEVICE_FAMILY = "1,2";
			};
			name = Debug;
		};
		9345C8A527CC354600DD38AD /* Release */ = {
			isa = XCBuildConfiguration;
			buildSettings = {
				ASSETCATALOG_COMPILER_APPICON_NAME = AppIcon;
				ASSETCATALOG_COMPILER_GLOBAL_ACCENT_COLOR_NAME = AccentColor;
				CODE_SIGN_STYLE = Automatic;
				CURRENT_PROJECT_VERSION = 1;
				DEVELOPMENT_TEAM = 2AL9T4C8WX;
				GENERATE_INFOPLIST_FILE = YES;
				INFOPLIST_FILE = ProgramaticCalculatorLayout/Info.plist;
				INFOPLIST_KEY_UIApplicationSupportsIndirectInputEvents = YES;
				INFOPLIST_KEY_UILaunchStoryboardName = LaunchScreen;
				INFOPLIST_KEY_UIMainStoryboardFile = Main;
				INFOPLIST_KEY_UISupportedInterfaceOrientations_iPad = "UIInterfaceOrientationPortrait UIInterfaceOrientationPortraitUpsideDown UIInterfaceOrientationLandscapeLeft UIInterfaceOrientationLandscapeRight";
				INFOPLIST_KEY_UISupportedInterfaceOrientations_iPhone = "UIInterfaceOrientationPortrait UIInterfaceOrientationLandscapeLeft UIInterfaceOrientationLandscapeRight";
				LD_RUNPATH_SEARCH_PATHS = (
					"$(inherited)",
					"@executable_path/Frameworks",
				);
				MARKETING_VERSION = 1.0;
				PRODUCT_BUNDLE_IDENTIFIER = com.dayojiboye.ProgramaticCalculatorLayout;
				PRODUCT_NAME = "$(TARGET_NAME)";
				SWIFT_EMIT_LOC_STRINGS = YES;
				SWIFT_VERSION = 5.0;
				TARGETED_DEVICE_FAMILY = "1,2";
			};
			name = Release;
		};
		9345C8A727CC354600DD38AD /* Debug */ = {
			isa = XCBuildConfiguration;
			buildSettings = {
				ALWAYS_EMBED_SWIFT_STANDARD_LIBRARIES = YES;
				BUNDLE_LOADER = "$(TEST_HOST)";
				CODE_SIGN_STYLE = Automatic;
				CURRENT_PROJECT_VERSION = 1;
				DEVELOPMENT_TEAM = 2AL9T4C8WX;
				GENERATE_INFOPLIST_FILE = YES;
				IPHONEOS_DEPLOYMENT_TARGET = 15.2;
				MARKETING_VERSION = 1.0;
				PRODUCT_BUNDLE_IDENTIFIER = com.dayojiboye.ProgramaticCalculatorLayoutTests;
				PRODUCT_NAME = "$(TARGET_NAME)";
				SWIFT_EMIT_LOC_STRINGS = NO;
				SWIFT_VERSION = 5.0;
				TARGETED_DEVICE_FAMILY = "1,2";
				TEST_HOST = "$(BUILT_PRODUCTS_DIR)/ProgramaticCalculatorLayout.app/ProgramaticCalculatorLayout";
			};
			name = Debug;
		};
		9345C8A827CC354600DD38AD /* Release */ = {
			isa = XCBuildConfiguration;
			buildSettings = {
				ALWAYS_EMBED_SWIFT_STANDARD_LIBRARIES = YES;
				BUNDLE_LOADER = "$(TEST_HOST)";
				CODE_SIGN_STYLE = Automatic;
				CURRENT_PROJECT_VERSION = 1;
				DEVELOPMENT_TEAM = 2AL9T4C8WX;
				GENERATE_INFOPLIST_FILE = YES;
				IPHONEOS_DEPLOYMENT_TARGET = 15.2;
				MARKETING_VERSION = 1.0;
				PRODUCT_BUNDLE_IDENTIFIER = com.dayojiboye.ProgramaticCalculatorLayoutTests;
				PRODUCT_NAME = "$(TARGET_NAME)";
				SWIFT_EMIT_LOC_STRINGS = NO;
				SWIFT_VERSION = 5.0;
				TARGETED_DEVICE_FAMILY = "1,2";
				TEST_HOST = "$(BUILT_PRODUCTS_DIR)/ProgramaticCalculatorLayout.app/ProgramaticCalculatorLayout";
			};
			name = Release;
		};
		9345C8AA27CC354600DD38AD /* Debug */ = {
			isa = XCBuildConfiguration;
			buildSettings = {
				ALWAYS_EMBED_SWIFT_STANDARD_LIBRARIES = YES;
				CODE_SIGN_STYLE = Automatic;
				CURRENT_PROJECT_VERSION = 1;
				DEVELOPMENT_TEAM = 2AL9T4C8WX;
				GENERATE_INFOPLIST_FILE = YES;
				MARKETING_VERSION = 1.0;
				PRODUCT_BUNDLE_IDENTIFIER = com.dayojiboye.ProgramaticCalculatorLayoutUITests;
				PRODUCT_NAME = "$(TARGET_NAME)";
				SWIFT_EMIT_LOC_STRINGS = NO;
				SWIFT_VERSION = 5.0;
				TARGETED_DEVICE_FAMILY = "1,2";
				TEST_TARGET_NAME = ProgramaticCalculatorLayout;
			};
			name = Debug;
		};
		9345C8AB27CC354600DD38AD /* Release */ = {
			isa = XCBuildConfiguration;
			buildSettings = {
				ALWAYS_EMBED_SWIFT_STANDARD_LIBRARIES = YES;
				CODE_SIGN_STYLE = Automatic;
				CURRENT_PROJECT_VERSION = 1;
				DEVELOPMENT_TEAM = 2AL9T4C8WX;
				GENERATE_INFOPLIST_FILE = YES;
				MARKETING_VERSION = 1.0;
				PRODUCT_BUNDLE_IDENTIFIER = com.dayojiboye.ProgramaticCalculatorLayoutUITests;
				PRODUCT_NAME = "$(TARGET_NAME)";
				SWIFT_EMIT_LOC_STRINGS = NO;
				SWIFT_VERSION = 5.0;
				TARGETED_DEVICE_FAMILY = "1,2";
				TEST_TARGET_NAME = ProgramaticCalculatorLayout;
			};
			name = Release;
		};
/* End XCBuildConfiguration section */

/* Begin XCConfigurationList section */
		9345C87427CC354400DD38AD /* Build configuration list for PBXProject "ProgramaticCalculatorLayout" */ = {
			isa = XCConfigurationList;
			buildConfigurations = (
				9345C8A127CC354600DD38AD /* Debug */,
				9345C8A227CC354600DD38AD /* Release */,
			);
			defaultConfigurationIsVisible = 0;
			defaultConfigurationName = Release;
		};
		9345C8A327CC354600DD38AD /* Build configuration list for PBXNativeTarget "ProgramaticCalculatorLayout" */ = {
			isa = XCConfigurationList;
			buildConfigurations = (
				9345C8A427CC354600DD38AD /* Debug */,
				9345C8A527CC354600DD38AD /* Release */,
			);
			defaultConfigurationIsVisible = 0;
			defaultConfigurationName = Release;
		};
		9345C8A627CC354600DD38AD /* Build configuration list for PBXNativeTarget "ProgramaticCalculatorLayoutTests" */ = {
			isa = XCConfigurationList;
			buildConfigurations = (
				9345C8A727CC354600DD38AD /* Debug */,
				9345C8A827CC354600DD38AD /* Release */,
			);
			defaultConfigurationIsVisible = 0;
			defaultConfigurationName = Release;
		};
		9345C8A927CC354600DD38AD /* Build configuration list for PBXNativeTarget "ProgramaticCalculatorLayoutUITests" */ = {
			isa = XCConfigurationList;
			buildConfigurations = (
				9345C8AA27CC354600DD38AD /* Debug */,
				9345C8AB27CC354600DD38AD /* Release */,
			);
			defaultConfigurationIsVisible = 0;
			defaultConfigurationName = Release;
		};
/* End XCConfigurationList section */
	};
	rootObject = 9345C87127CC354400DD38AD /* Project object */;
}
